
Microsoft Visual Studio Solution File, Format Version 12.00
# Visual Studio 2012
Project("{FAE04EC0-301F-11D3-BF4B-00C04F79EFBC}") = "RabbitMq.Consumer", "RabbitMq.Consumer\RabbitMq.Consumer.csproj", "{337570E6-0612-414F-8FFB-6C02094E3B93}"
EndProject
Project("{FAE04EC0-301F-11D3-BF4B-00C04F79EFBC}") = "RabbitMq.Producer", "RabbitMq.Producer\RabbitMq.Producer.csproj", "{9CB4C1E1-EE91-4ED4-81A7-F8A7E1C4F9E8}"
EndProject
Global
	GlobalSection(SolutionConfigurationPlatforms) = preSolution
		Debug|Any CPU = Debug|Any CPU
		Release|Any CPU = Release|Any CPU
	EndGlobalSection
	GlobalSection(ProjectConfigurationPlatforms) = postSolution
		{337570E6-0612-414F-8FFB-6C02094E3B93}.Debug|Any CPU.ActiveCfg = Debug|Any CPU
		{337570E6-0612-414F-8FFB-6C02094E3B93}.Debug|Any CPU.Build.0 = Debug|Any CPU
		{337570E6-0612-414F-8FFB-6C02094E3B93}.Release|Any CPU.ActiveCfg = Release|Any CPU
		{337570E6-0612-414F-8FFB-6C02094E3B93}.Release|Any CPU.Build.0 = Release|Any CPU
		{9CB4C1E1-EE91-4ED4-81A7-F8A7E1C4F9E8}.Debug|Any CPU.ActiveCfg = Debug|Any CPU
		{9CB4C1E1-EE91-4ED4-81A7-F8A7E1C4F9E8}.Debug|Any CPU.Build.0 = Debug|Any CPU
		{9CB4C1E1-EE91-4ED4-81A7-F8A7E1C4F9E8}.Release|Any CPU.ActiveCfg = Release|Any CPU
		{9CB4C1E1-EE91-4ED4-81A7-F8A7E1C4F9E8}.Release|Any CPU.Build.0 = Release|Any CPU
	EndGlobalSection
EndGlobal
